# This file is automatically @generated by Cargo.
# It is not intended for manual editing.
version = 4

[[package]]
name = "openwave-cli"
version = "0.0.0"

[[package]]
name = "openwave-connectors"
version = "0.0.0"

[[package]]
name = "openwave-core"
version = "0.0.0"

[[package]]
name = "openwave-desktop"
version = "0.0.0"

[[package]]
name = "openwave-mcp"
version = "0.0.0"

[[package]]
name = "openwave-retrieval"
version = "0.0.0"

[[package]]
name = "openwave-slack"
version = "0.0.0"
